
Microsoft Visual Studio Solution File, Format Version 12.00
# Visual Studio 15
VisualStudioVersion = 15.0.27130.2036
MinimumVisualStudioVersion = 10.0.40219.1
Project("{9A19103F-16F7-4668-BE54-9A1E7A4F7556}") = "Client", "Client\Client.csproj", "{17668AF9-1701-4184-B2C4-38C1C041BB2F}"
	ProjectSection(ProjectDependencies) = postProject
		{91CE6045-FB79-4366-899A-6CD6E412B0F7} = {91CE6045-FB79-4366-899A-6CD6E412B0F7}
		{467E1555-8F85-4E06-9D95-8355BA1DD42F} = {467E1555-8F85-4E06-9D95-8355BA1DD42F}
		{54E5175F-9FF2-4486-970D-7EDDC27EEC68} = {54E5175F-9FF2-4486-970D-7EDDC27EEC68}
		{9B1CA28C-9A3F-4713-99A2-6D9FA425C14E} = {9B1CA28C-9A3F-4713-99A2-6D9FA425C14E}
		{FC96418E-9B94-4C39-9400-96C0B21CA9F1} = {FC96418E-9B94-4C39-9400-96C0B21CA9F1}
		{F5462D99-DE79-4D75-8197-2E10047C0B6B} = {F5462D99-DE79-4D75-8197-2E10047C0B6B}
		{9D383EC2-1EBA-4C3E-8067-29DE7CD35A94} = {9D383EC2-1EBA-4C3E-8067-29DE7CD35A94}
	EndProjectSection
EndProject
Project("{9A19103F-16F7-4668-BE54-9A1E7A4F7556}") = "ClientCommon", "ClientCommon\ClientCommon.csproj", "{91CE6045-FB79-4366-899A-6CD6E412B0F7}"
EndProject
Project("{9A19103F-16F7-4668-BE54-9A1E7A4F7556}") = "Humidity", "PluginsSensor\Humidity\Humidity.csproj", "{9B1CA28C-9A3F-4713-99A2-6D9FA425C14E}"
EndProject
Project("{9A19103F-16F7-4668-BE54-9A1E7A4F7556}") = "Barometer", "PluginsSensor\Barometer\Barometer.csproj", "{467E1555-8F85-4E06-9D95-8355BA1DD42F}"
EndProject
Project("{9A19103F-16F7-4668-BE54-9A1E7A4F7556}") = "AmbientLight", "PluginsSensor\AmbientLight\AmbientLight.csproj", "{54E5175F-9FF2-4486-970D-7EDDC27EEC68}"
EndProject
Project("{9A19103F-16F7-4668-BE54-9A1E7A4F7556}") = "Console", "PluginsDataSink\Console\Console.csproj", "{FC96418E-9B94-4C39-9400-96C0B21CA9F1}"
EndProject
Project("{9A19103F-16F7-4668-BE54-9A1E7A4F7556}") = "Lcd", "PluginsDataSink\Lcd\Lcd.csproj", "{9D383EC2-1EBA-4C3E-8067-29DE7CD35A94}"
EndProject
Project("{9A19103F-16F7-4668-BE54-9A1E7A4F7556}") = "MQTT", "PluginsDataSink\MQTT\MQTT.csproj", "{F5462D99-DE79-4D75-8197-2E10047C0B6B}"
EndProject
Global
	GlobalSection(SolutionConfigurationPlatforms) = preSolution
		Debug|Any CPU = Debug|Any CPU
		Release|Any CPU = Release|Any CPU
	EndGlobalSection
	GlobalSection(ProjectConfigurationPlatforms) = postSolution
		{17668AF9-1701-4184-B2C4-38C1C041BB2F}.Debug|Any CPU.ActiveCfg = Debug|Any CPU
		{17668AF9-1701-4184-B2C4-38C1C041BB2F}.Debug|Any CPU.Build.0 = Debug|Any CPU
		{17668AF9-1701-4184-B2C4-38C1C041BB2F}.Release|Any CPU.ActiveCfg = Release|Any CPU
		{17668AF9-1701-4184-B2C4-38C1C041BB2F}.Release|Any CPU.Build.0 = Release|Any CPU
		{91CE6045-FB79-4366-899A-6CD6E412B0F7}.Debug|Any CPU.ActiveCfg = Debug|Any CPU
		{91CE6045-FB79-4366-899A-6CD6E412B0F7}.Debug|Any CPU.Build.0 = Debug|Any CPU
		{91CE6045-FB79-4366-899A-6CD6E412B0F7}.Release|Any CPU.ActiveCfg = Release|Any CPU
		{91CE6045-FB79-4366-899A-6CD6E412B0F7}.Release|Any CPU.Build.0 = Release|Any CPU
		{9B1CA28C-9A3F-4713-99A2-6D9FA425C14E}.Debug|Any CPU.ActiveCfg = Debug|Any CPU
		{9B1CA28C-9A3F-4713-99A2-6D9FA425C14E}.Debug|Any CPU.Build.0 = Debug|Any CPU
		{9B1CA28C-9A3F-4713-99A2-6D9FA425C14E}.Release|Any CPU.ActiveCfg = Release|Any CPU
		{9B1CA28C-9A3F-4713-99A2-6D9FA425C14E}.Release|Any CPU.Build.0 = Release|Any CPU
		{467E1555-8F85-4E06-9D95-8355BA1DD42F}.Debug|Any CPU.ActiveCfg = Debug|Any CPU
		{467E1555-8F85-4E06-9D95-8355BA1DD42F}.Debug|Any CPU.Build.0 = Debug|Any CPU
		{467E1555-8F85-4E06-9D95-8355BA1DD42F}.Release|Any CPU.ActiveCfg = Release|Any CPU
		{467E1555-8F85-4E06-9D95-8355BA1DD42F}.Release|Any CPU.Build.0 = Release|Any CPU
		{54E5175F-9FF2-4486-970D-7EDDC27EEC68}.Debug|Any CPU.ActiveCfg = Debug|Any CPU
		{54E5175F-9FF2-4486-970D-7EDDC27EEC68}.Debug|Any CPU.Build.0 = Debug|Any CPU
		{54E5175F-9FF2-4486-970D-7EDDC27EEC68}.Release|Any CPU.ActiveCfg = Release|Any CPU
		{54E5175F-9FF2-4486-970D-7EDDC27EEC68}.Release|Any CPU.Build.0 = Release|Any CPU
		{FC96418E-9B94-4C39-9400-96C0B21CA9F1}.Debug|Any CPU.ActiveCfg = Debug|Any CPU
		{FC96418E-9B94-4C39-9400-96C0B21CA9F1}.Debug|Any CPU.Build.0 = Debug|Any CPU
		{FC96418E-9B94-4C39-9400-96C0B21CA9F1}.Release|Any CPU.ActiveCfg = Release|Any CPU
		{FC96418E-9B94-4C39-9400-96C0B21CA9F1}.Release|Any CPU.Build.0 = Release|Any CPU
		{9D383EC2-1EBA-4C3E-8067-29DE7CD35A94}.Debug|Any CPU.ActiveCfg = Debug|Any CPU
		{9D383EC2-1EBA-4C3E-8067-29DE7CD35A94}.Debug|Any CPU.Build.0 = Debug|Any CPU
		{9D383EC2-1EBA-4C3E-8067-29DE7CD35A94}.Release|Any CPU.ActiveCfg = Release|Any CPU
		{9D383EC2-1EBA-4C3E-8067-29DE7CD35A94}.Release|Any CPU.Build.0 = Release|Any CPU
		{F5462D99-DE79-4D75-8197-2E10047C0B6B}.Debug|Any CPU.ActiveCfg = Debug|Any CPU
		{F5462D99-DE79-4D75-8197-2E10047C0B6B}.Debug|Any CPU.Build.0 = Debug|Any CPU
		{F5462D99-DE79-4D75-8197-2E10047C0B6B}.Release|Any CPU.ActiveCfg = Release|Any CPU
		{F5462D99-DE79-4D75-8197-2E10047C0B6B}.Release|Any CPU.Build.0 = Release|Any CPU
	EndGlobalSection
	GlobalSection(SolutionProperties) = preSolution
		HideSolutionNode = FALSE
	EndGlobalSection
	GlobalSection(ExtensibilityGlobals) = postSolution
		SolutionGuid = {866C3C63-08DA-4CA1-94D2-3E7C22B8F8EE}
	EndGlobalSection
EndGlobal
