
Microsoft Visual Studio Solution File, Format Version 12.00
# Visual Studio 15
VisualStudioVersion = 15.0.26124.0
MinimumVisualStudioVersion = 15.0.26124.0
Project("{9A19103F-16F7-4668-BE54-9A1E7A4F7556}") = "Client", "Client\Client.csproj", "{CCA95433-29C8-473C-A935-F9F91D59B1D3}"
	ProjectSection(ProjectDependencies) = postProject
		{4CD58863-D92C-4EAC-B539-2CECE774F1B1} = {4CD58863-D92C-4EAC-B539-2CECE774F1B1}
		{5932876B-C48F-4C32-9528-50D366CBCBFC} = {5932876B-C48F-4C32-9528-50D366CBCBFC}
		{27ACE49C-C304-4F93-9967-1B664C14B2EB} = {27ACE49C-C304-4F93-9967-1B664C14B2EB}
		{560641B5-25DC-430B-87DE-FCBDA5621319} = {560641B5-25DC-430B-87DE-FCBDA5621319}
		{5F6D02BA-F79A-4A34-B8BB-49BB1936E351} = {5F6D02BA-F79A-4A34-B8BB-49BB1936E351}
		{7DF39ED8-7374-48CD-9770-D48ECFFFCAB4} = {7DF39ED8-7374-48CD-9770-D48ECFFFCAB4}
		{5C4119E1-E9F2-4AB4-B0BB-A5A28C2B2D1B} = {5C4119E1-E9F2-4AB4-B0BB-A5A28C2B2D1B}
		{075FC1EF-67D0-43F2-B89D-73CE318E31CD} = {075FC1EF-67D0-43F2-B89D-73CE318E31CD}
		{1B18D3EF-6F9A-4EA2-92F5-3A42F43B8044} = {1B18D3EF-6F9A-4EA2-92F5-3A42F43B8044}
	EndProjectSection
EndProject
Project("{9A19103F-16F7-4668-BE54-9A1E7A4F7556}") = "Common", "Common\Common.csproj", "{27ACE49C-C304-4F93-9967-1B664C14B2EB}"
EndProject
Project("{9A19103F-16F7-4668-BE54-9A1E7A4F7556}") = "Console", "Plugins\DataSink\Console\Console.csproj", "{5F6D02BA-F79A-4A34-B8BB-49BB1936E351}"
	ProjectSection(ProjectDependencies) = postProject
		{27ACE49C-C304-4F93-9967-1B664C14B2EB} = {27ACE49C-C304-4F93-9967-1B664C14B2EB}
	EndProjectSection
EndProject
Project("{9A19103F-16F7-4668-BE54-9A1E7A4F7556}") = "File", "Plugins\DataSink\File\File.csproj", "{5C4119E1-E9F2-4AB4-B0BB-A5A28C2B2D1B}"
	ProjectSection(ProjectDependencies) = postProject
		{27ACE49C-C304-4F93-9967-1B664C14B2EB} = {27ACE49C-C304-4F93-9967-1B664C14B2EB}
	EndProjectSection
EndProject
Project("{9A19103F-16F7-4668-BE54-9A1E7A4F7556}") = "Lcd", "Plugins\DataSink\Lcd\Lcd.csproj", "{1B18D3EF-6F9A-4EA2-92F5-3A42F43B8044}"
	ProjectSection(ProjectDependencies) = postProject
		{27ACE49C-C304-4F93-9967-1B664C14B2EB} = {27ACE49C-C304-4F93-9967-1B664C14B2EB}
	EndProjectSection
EndProject
Project("{9A19103F-16F7-4668-BE54-9A1E7A4F7556}") = "MQTT", "Plugins\DataSink\MQTT\MQTT.csproj", "{7DF39ED8-7374-48CD-9770-D48ECFFFCAB4}"
	ProjectSection(ProjectDependencies) = postProject
		{27ACE49C-C304-4F93-9967-1B664C14B2EB} = {27ACE49C-C304-4F93-9967-1B664C14B2EB}
	EndProjectSection
EndProject
Project("{9A19103F-16F7-4668-BE54-9A1E7A4F7556}") = "SQLite", "Plugins\DataSink\SQLite\SQLite.csproj", "{4CD58863-D92C-4EAC-B539-2CECE774F1B1}"
	ProjectSection(ProjectDependencies) = postProject
		{27ACE49C-C304-4F93-9967-1B664C14B2EB} = {27ACE49C-C304-4F93-9967-1B664C14B2EB}
	EndProjectSection
EndProject
Project("{9A19103F-16F7-4668-BE54-9A1E7A4F7556}") = "AmbientLight", "Plugins\DataSource\AmbientLight\AmbientLight.csproj", "{560641B5-25DC-430B-87DE-FCBDA5621319}"
	ProjectSection(ProjectDependencies) = postProject
		{27ACE49C-C304-4F93-9967-1B664C14B2EB} = {27ACE49C-C304-4F93-9967-1B664C14B2EB}
	EndProjectSection
EndProject
Project("{9A19103F-16F7-4668-BE54-9A1E7A4F7556}") = "Barometer", "Plugins\DataSource\Barometer\Barometer.csproj", "{075FC1EF-67D0-43F2-B89D-73CE318E31CD}"
	ProjectSection(ProjectDependencies) = postProject
		{27ACE49C-C304-4F93-9967-1B664C14B2EB} = {27ACE49C-C304-4F93-9967-1B664C14B2EB}
	EndProjectSection
EndProject
Project("{9A19103F-16F7-4668-BE54-9A1E7A4F7556}") = "Humidity", "Plugins\DataSource\Humidity\Humidity.csproj", "{5932876B-C48F-4C32-9528-50D366CBCBFC}"
	ProjectSection(ProjectDependencies) = postProject
		{27ACE49C-C304-4F93-9967-1B664C14B2EB} = {27ACE49C-C304-4F93-9967-1B664C14B2EB}
	EndProjectSection
EndProject
Project("{9A19103F-16F7-4668-BE54-9A1E7A4F7556}") = "Server", "Server\Server.csproj", "{576FE5B9-DDCC-42E3-B12D-C78F9C110145}"
	ProjectSection(ProjectDependencies) = postProject
		{4CD58863-D92C-4EAC-B539-2CECE774F1B1} = {4CD58863-D92C-4EAC-B539-2CECE774F1B1}
		{27ACE49C-C304-4F93-9967-1B664C14B2EB} = {27ACE49C-C304-4F93-9967-1B664C14B2EB}
		{5F6D02BA-F79A-4A34-B8BB-49BB1936E351} = {5F6D02BA-F79A-4A34-B8BB-49BB1936E351}
		{7DF39ED8-7374-48CD-9770-D48ECFFFCAB4} = {7DF39ED8-7374-48CD-9770-D48ECFFFCAB4}
		{5C4119E1-E9F2-4AB4-B0BB-A5A28C2B2D1B} = {5C4119E1-E9F2-4AB4-B0BB-A5A28C2B2D1B}
	EndProjectSection
EndProject
Project("{9A19103F-16F7-4668-BE54-9A1E7A4F7556}") = "MariaDB", "Plugins\DataSink\MariaDB\MariaDB.csproj", "{571023EB-0555-47B8-97A8-BB52612EC1BF}"
EndProject
Project("{9A19103F-16F7-4668-BE54-9A1E7A4F7556}") = "SQLiteDM", "Plugins\DataSink\SQLiteDM\SQLiteDM.csproj", "{69807D17-E918-47FE-9395-FB4907CB532B}"
EndProject
Global
	GlobalSection(SolutionConfigurationPlatforms) = preSolution
		Debug|Any CPU = Debug|Any CPU
		Debug|x64 = Debug|x64
		Debug|x86 = Debug|x86
		Release|Any CPU = Release|Any CPU
		Release|x64 = Release|x64
		Release|x86 = Release|x86
	EndGlobalSection
	GlobalSection(ProjectConfigurationPlatforms) = postSolution
		{CCA95433-29C8-473C-A935-F9F91D59B1D3}.Debug|Any CPU.ActiveCfg = Debug|Any CPU
		{CCA95433-29C8-473C-A935-F9F91D59B1D3}.Debug|Any CPU.Build.0 = Debug|Any CPU
		{CCA95433-29C8-473C-A935-F9F91D59B1D3}.Debug|x64.ActiveCfg = Debug|Any CPU
		{CCA95433-29C8-473C-A935-F9F91D59B1D3}.Debug|x64.Build.0 = Debug|Any CPU
		{CCA95433-29C8-473C-A935-F9F91D59B1D3}.Debug|x86.ActiveCfg = Debug|Any CPU
		{CCA95433-29C8-473C-A935-F9F91D59B1D3}.Debug|x86.Build.0 = Debug|Any CPU
		{CCA95433-29C8-473C-A935-F9F91D59B1D3}.Release|Any CPU.ActiveCfg = Release|Any CPU
		{CCA95433-29C8-473C-A935-F9F91D59B1D3}.Release|Any CPU.Build.0 = Release|Any CPU
		{CCA95433-29C8-473C-A935-F9F91D59B1D3}.Release|x64.ActiveCfg = Release|Any CPU
		{CCA95433-29C8-473C-A935-F9F91D59B1D3}.Release|x64.Build.0 = Release|Any CPU
		{CCA95433-29C8-473C-A935-F9F91D59B1D3}.Release|x86.ActiveCfg = Release|Any CPU
		{CCA95433-29C8-473C-A935-F9F91D59B1D3}.Release|x86.Build.0 = Release|Any CPU
		{27ACE49C-C304-4F93-9967-1B664C14B2EB}.Debug|Any CPU.ActiveCfg = Debug|Any CPU
		{27ACE49C-C304-4F93-9967-1B664C14B2EB}.Debug|Any CPU.Build.0 = Debug|Any CPU
		{27ACE49C-C304-4F93-9967-1B664C14B2EB}.Debug|x64.ActiveCfg = Debug|Any CPU
		{27ACE49C-C304-4F93-9967-1B664C14B2EB}.Debug|x64.Build.0 = Debug|Any CPU
		{27ACE49C-C304-4F93-9967-1B664C14B2EB}.Debug|x86.ActiveCfg = Debug|Any CPU
		{27ACE49C-C304-4F93-9967-1B664C14B2EB}.Debug|x86.Build.0 = Debug|Any CPU
		{27ACE49C-C304-4F93-9967-1B664C14B2EB}.Release|Any CPU.ActiveCfg = Release|Any CPU
		{27ACE49C-C304-4F93-9967-1B664C14B2EB}.Release|Any CPU.Build.0 = Release|Any CPU
		{27ACE49C-C304-4F93-9967-1B664C14B2EB}.Release|x64.ActiveCfg = Release|Any CPU
		{27ACE49C-C304-4F93-9967-1B664C14B2EB}.Release|x64.Build.0 = Release|Any CPU
		{27ACE49C-C304-4F93-9967-1B664C14B2EB}.Release|x86.ActiveCfg = Release|Any CPU
		{27ACE49C-C304-4F93-9967-1B664C14B2EB}.Release|x86.Build.0 = Release|Any CPU
		{5F6D02BA-F79A-4A34-B8BB-49BB1936E351}.Debug|Any CPU.ActiveCfg = Debug|Any CPU
		{5F6D02BA-F79A-4A34-B8BB-49BB1936E351}.Debug|Any CPU.Build.0 = Debug|Any CPU
		{5F6D02BA-F79A-4A34-B8BB-49BB1936E351}.Debug|x64.ActiveCfg = Debug|Any CPU
		{5F6D02BA-F79A-4A34-B8BB-49BB1936E351}.Debug|x64.Build.0 = Debug|Any CPU
		{5F6D02BA-F79A-4A34-B8BB-49BB1936E351}.Debug|x86.ActiveCfg = Debug|Any CPU
		{5F6D02BA-F79A-4A34-B8BB-49BB1936E351}.Debug|x86.Build.0 = Debug|Any CPU
		{5F6D02BA-F79A-4A34-B8BB-49BB1936E351}.Release|Any CPU.ActiveCfg = Release|Any CPU
		{5F6D02BA-F79A-4A34-B8BB-49BB1936E351}.Release|Any CPU.Build.0 = Release|Any CPU
		{5F6D02BA-F79A-4A34-B8BB-49BB1936E351}.Release|x64.ActiveCfg = Release|Any CPU
		{5F6D02BA-F79A-4A34-B8BB-49BB1936E351}.Release|x64.Build.0 = Release|Any CPU
		{5F6D02BA-F79A-4A34-B8BB-49BB1936E351}.Release|x86.ActiveCfg = Release|Any CPU
		{5F6D02BA-F79A-4A34-B8BB-49BB1936E351}.Release|x86.Build.0 = Release|Any CPU
		{5C4119E1-E9F2-4AB4-B0BB-A5A28C2B2D1B}.Debug|Any CPU.ActiveCfg = Debug|Any CPU
		{5C4119E1-E9F2-4AB4-B0BB-A5A28C2B2D1B}.Debug|Any CPU.Build.0 = Debug|Any CPU
		{5C4119E1-E9F2-4AB4-B0BB-A5A28C2B2D1B}.Debug|x64.ActiveCfg = Debug|Any CPU
		{5C4119E1-E9F2-4AB4-B0BB-A5A28C2B2D1B}.Debug|x64.Build.0 = Debug|Any CPU
		{5C4119E1-E9F2-4AB4-B0BB-A5A28C2B2D1B}.Debug|x86.ActiveCfg = Debug|Any CPU
		{5C4119E1-E9F2-4AB4-B0BB-A5A28C2B2D1B}.Debug|x86.Build.0 = Debug|Any CPU
		{5C4119E1-E9F2-4AB4-B0BB-A5A28C2B2D1B}.Release|Any CPU.ActiveCfg = Release|Any CPU
		{5C4119E1-E9F2-4AB4-B0BB-A5A28C2B2D1B}.Release|Any CPU.Build.0 = Release|Any CPU
		{5C4119E1-E9F2-4AB4-B0BB-A5A28C2B2D1B}.Release|x64.ActiveCfg = Release|Any CPU
		{5C4119E1-E9F2-4AB4-B0BB-A5A28C2B2D1B}.Release|x64.Build.0 = Release|Any CPU
		{5C4119E1-E9F2-4AB4-B0BB-A5A28C2B2D1B}.Release|x86.ActiveCfg = Release|Any CPU
		{5C4119E1-E9F2-4AB4-B0BB-A5A28C2B2D1B}.Release|x86.Build.0 = Release|Any CPU
		{1B18D3EF-6F9A-4EA2-92F5-3A42F43B8044}.Debug|Any CPU.ActiveCfg = Debug|Any CPU
		{1B18D3EF-6F9A-4EA2-92F5-3A42F43B8044}.Debug|Any CPU.Build.0 = Debug|Any CPU
		{1B18D3EF-6F9A-4EA2-92F5-3A42F43B8044}.Debug|x64.ActiveCfg = Debug|Any CPU
		{1B18D3EF-6F9A-4EA2-92F5-3A42F43B8044}.Debug|x64.Build.0 = Debug|Any CPU
		{1B18D3EF-6F9A-4EA2-92F5-3A42F43B8044}.Debug|x86.ActiveCfg = Debug|Any CPU
		{1B18D3EF-6F9A-4EA2-92F5-3A42F43B8044}.Debug|x86.Build.0 = Debug|Any CPU
		{1B18D3EF-6F9A-4EA2-92F5-3A42F43B8044}.Release|Any CPU.ActiveCfg = Release|Any CPU
		{1B18D3EF-6F9A-4EA2-92F5-3A42F43B8044}.Release|Any CPU.Build.0 = Release|Any CPU
		{1B18D3EF-6F9A-4EA2-92F5-3A42F43B8044}.Release|x64.ActiveCfg = Release|Any CPU
		{1B18D3EF-6F9A-4EA2-92F5-3A42F43B8044}.Release|x64.Build.0 = Release|Any CPU
		{1B18D3EF-6F9A-4EA2-92F5-3A42F43B8044}.Release|x86.ActiveCfg = Release|Any CPU
		{1B18D3EF-6F9A-4EA2-92F5-3A42F43B8044}.Release|x86.Build.0 = Release|Any CPU
		{7DF39ED8-7374-48CD-9770-D48ECFFFCAB4}.Debug|Any CPU.ActiveCfg = Debug|Any CPU
		{7DF39ED8-7374-48CD-9770-D48ECFFFCAB4}.Debug|Any CPU.Build.0 = Debug|Any CPU
		{7DF39ED8-7374-48CD-9770-D48ECFFFCAB4}.Debug|x64.ActiveCfg = Debug|Any CPU
		{7DF39ED8-7374-48CD-9770-D48ECFFFCAB4}.Debug|x64.Build.0 = Debug|Any CPU
		{7DF39ED8-7374-48CD-9770-D48ECFFFCAB4}.Debug|x86.ActiveCfg = Debug|Any CPU
		{7DF39ED8-7374-48CD-9770-D48ECFFFCAB4}.Debug|x86.Build.0 = Debug|Any CPU
		{7DF39ED8-7374-48CD-9770-D48ECFFFCAB4}.Release|Any CPU.ActiveCfg = Release|Any CPU
		{7DF39ED8-7374-48CD-9770-D48ECFFFCAB4}.Release|Any CPU.Build.0 = Release|Any CPU
		{7DF39ED8-7374-48CD-9770-D48ECFFFCAB4}.Release|x64.ActiveCfg = Release|Any CPU
		{7DF39ED8-7374-48CD-9770-D48ECFFFCAB4}.Release|x64.Build.0 = Release|Any CPU
		{7DF39ED8-7374-48CD-9770-D48ECFFFCAB4}.Release|x86.ActiveCfg = Release|Any CPU
		{7DF39ED8-7374-48CD-9770-D48ECFFFCAB4}.Release|x86.Build.0 = Release|Any CPU
		{4CD58863-D92C-4EAC-B539-2CECE774F1B1}.Debug|Any CPU.ActiveCfg = Debug|Any CPU
		{4CD58863-D92C-4EAC-B539-2CECE774F1B1}.Debug|Any CPU.Build.0 = Debug|Any CPU
		{4CD58863-D92C-4EAC-B539-2CECE774F1B1}.Debug|x64.ActiveCfg = Debug|Any CPU
		{4CD58863-D92C-4EAC-B539-2CECE774F1B1}.Debug|x64.Build.0 = Debug|Any CPU
		{4CD58863-D92C-4EAC-B539-2CECE774F1B1}.Debug|x86.ActiveCfg = Debug|Any CPU
		{4CD58863-D92C-4EAC-B539-2CECE774F1B1}.Debug|x86.Build.0 = Debug|Any CPU
		{4CD58863-D92C-4EAC-B539-2CECE774F1B1}.Release|Any CPU.ActiveCfg = Release|Any CPU
		{4CD58863-D92C-4EAC-B539-2CECE774F1B1}.Release|Any CPU.Build.0 = Release|Any CPU
		{4CD58863-D92C-4EAC-B539-2CECE774F1B1}.Release|x64.ActiveCfg = Release|Any CPU
		{4CD58863-D92C-4EAC-B539-2CECE774F1B1}.Release|x64.Build.0 = Release|Any CPU
		{4CD58863-D92C-4EAC-B539-2CECE774F1B1}.Release|x86.ActiveCfg = Release|Any CPU
		{4CD58863-D92C-4EAC-B539-2CECE774F1B1}.Release|x86.Build.0 = Release|Any CPU
		{560641B5-25DC-430B-87DE-FCBDA5621319}.Debug|Any CPU.ActiveCfg = Debug|Any CPU
		{560641B5-25DC-430B-87DE-FCBDA5621319}.Debug|Any CPU.Build.0 = Debug|Any CPU
		{560641B5-25DC-430B-87DE-FCBDA5621319}.Debug|x64.ActiveCfg = Debug|Any CPU
		{560641B5-25DC-430B-87DE-FCBDA5621319}.Debug|x64.Build.0 = Debug|Any CPU
		{560641B5-25DC-430B-87DE-FCBDA5621319}.Debug|x86.ActiveCfg = Debug|Any CPU
		{560641B5-25DC-430B-87DE-FCBDA5621319}.Debug|x86.Build.0 = Debug|Any CPU
		{560641B5-25DC-430B-87DE-FCBDA5621319}.Release|Any CPU.ActiveCfg = Release|Any CPU
		{560641B5-25DC-430B-87DE-FCBDA5621319}.Release|Any CPU.Build.0 = Release|Any CPU
		{560641B5-25DC-430B-87DE-FCBDA5621319}.Release|x64.ActiveCfg = Release|Any CPU
		{560641B5-25DC-430B-87DE-FCBDA5621319}.Release|x64.Build.0 = Release|Any CPU
		{560641B5-25DC-430B-87DE-FCBDA5621319}.Release|x86.ActiveCfg = Release|Any CPU
		{560641B5-25DC-430B-87DE-FCBDA5621319}.Release|x86.Build.0 = Release|Any CPU
		{075FC1EF-67D0-43F2-B89D-73CE318E31CD}.Debug|Any CPU.ActiveCfg = Debug|Any CPU
		{075FC1EF-67D0-43F2-B89D-73CE318E31CD}.Debug|Any CPU.Build.0 = Debug|Any CPU
		{075FC1EF-67D0-43F2-B89D-73CE318E31CD}.Debug|x64.ActiveCfg = Debug|Any CPU
		{075FC1EF-67D0-43F2-B89D-73CE318E31CD}.Debug|x64.Build.0 = Debug|Any CPU
		{075FC1EF-67D0-43F2-B89D-73CE318E31CD}.Debug|x86.ActiveCfg = Debug|Any CPU
		{075FC1EF-67D0-43F2-B89D-73CE318E31CD}.Debug|x86.Build.0 = Debug|Any CPU
		{075FC1EF-67D0-43F2-B89D-73CE318E31CD}.Release|Any CPU.ActiveCfg = Release|Any CPU
		{075FC1EF-67D0-43F2-B89D-73CE318E31CD}.Release|Any CPU.Build.0 = Release|Any CPU
		{075FC1EF-67D0-43F2-B89D-73CE318E31CD}.Release|x64.ActiveCfg = Release|Any CPU
		{075FC1EF-67D0-43F2-B89D-73CE318E31CD}.Release|x64.Build.0 = Release|Any CPU
		{075FC1EF-67D0-43F2-B89D-73CE318E31CD}.Release|x86.ActiveCfg = Release|Any CPU
		{075FC1EF-67D0-43F2-B89D-73CE318E31CD}.Release|x86.Build.0 = Release|Any CPU
		{5932876B-C48F-4C32-9528-50D366CBCBFC}.Debug|Any CPU.ActiveCfg = Debug|Any CPU
		{5932876B-C48F-4C32-9528-50D366CBCBFC}.Debug|Any CPU.Build.0 = Debug|Any CPU
		{5932876B-C48F-4C32-9528-50D366CBCBFC}.Debug|x64.ActiveCfg = Debug|Any CPU
		{5932876B-C48F-4C32-9528-50D366CBCBFC}.Debug|x64.Build.0 = Debug|Any CPU
		{5932876B-C48F-4C32-9528-50D366CBCBFC}.Debug|x86.ActiveCfg = Debug|Any CPU
		{5932876B-C48F-4C32-9528-50D366CBCBFC}.Debug|x86.Build.0 = Debug|Any CPU
		{5932876B-C48F-4C32-9528-50D366CBCBFC}.Release|Any CPU.ActiveCfg = Release|Any CPU
		{5932876B-C48F-4C32-9528-50D366CBCBFC}.Release|Any CPU.Build.0 = Release|Any CPU
		{5932876B-C48F-4C32-9528-50D366CBCBFC}.Release|x64.ActiveCfg = Release|Any CPU
		{5932876B-C48F-4C32-9528-50D366CBCBFC}.Release|x64.Build.0 = Release|Any CPU
		{5932876B-C48F-4C32-9528-50D366CBCBFC}.Release|x86.ActiveCfg = Release|Any CPU
		{5932876B-C48F-4C32-9528-50D366CBCBFC}.Release|x86.Build.0 = Release|Any CPU
		{576FE5B9-DDCC-42E3-B12D-C78F9C110145}.Debug|Any CPU.ActiveCfg = Debug|Any CPU
		{576FE5B9-DDCC-42E3-B12D-C78F9C110145}.Debug|Any CPU.Build.0 = Debug|Any CPU
		{576FE5B9-DDCC-42E3-B12D-C78F9C110145}.Debug|x64.ActiveCfg = Debug|Any CPU
		{576FE5B9-DDCC-42E3-B12D-C78F9C110145}.Debug|x64.Build.0 = Debug|Any CPU
		{576FE5B9-DDCC-42E3-B12D-C78F9C110145}.Debug|x86.ActiveCfg = Debug|Any CPU
		{576FE5B9-DDCC-42E3-B12D-C78F9C110145}.Debug|x86.Build.0 = Debug|Any CPU
		{576FE5B9-DDCC-42E3-B12D-C78F9C110145}.Release|Any CPU.ActiveCfg = Release|Any CPU
		{576FE5B9-DDCC-42E3-B12D-C78F9C110145}.Release|Any CPU.Build.0 = Release|Any CPU
		{576FE5B9-DDCC-42E3-B12D-C78F9C110145}.Release|x64.ActiveCfg = Release|Any CPU
		{576FE5B9-DDCC-42E3-B12D-C78F9C110145}.Release|x64.Build.0 = Release|Any CPU
		{576FE5B9-DDCC-42E3-B12D-C78F9C110145}.Release|x86.ActiveCfg = Release|Any CPU
		{576FE5B9-DDCC-42E3-B12D-C78F9C110145}.Release|x86.Build.0 = Release|Any CPU
		{571023EB-0555-47B8-97A8-BB52612EC1BF}.Debug|Any CPU.ActiveCfg = Debug|Any CPU
		{571023EB-0555-47B8-97A8-BB52612EC1BF}.Debug|Any CPU.Build.0 = Debug|Any CPU
		{571023EB-0555-47B8-97A8-BB52612EC1BF}.Debug|x64.ActiveCfg = Debug|Any CPU
		{571023EB-0555-47B8-97A8-BB52612EC1BF}.Debug|x64.Build.0 = Debug|Any CPU
		{571023EB-0555-47B8-97A8-BB52612EC1BF}.Debug|x86.ActiveCfg = Debug|Any CPU
		{571023EB-0555-47B8-97A8-BB52612EC1BF}.Debug|x86.Build.0 = Debug|Any CPU
		{571023EB-0555-47B8-97A8-BB52612EC1BF}.Release|Any CPU.ActiveCfg = Release|Any CPU
		{571023EB-0555-47B8-97A8-BB52612EC1BF}.Release|Any CPU.Build.0 = Release|Any CPU
		{571023EB-0555-47B8-97A8-BB52612EC1BF}.Release|x64.ActiveCfg = Release|Any CPU
		{571023EB-0555-47B8-97A8-BB52612EC1BF}.Release|x64.Build.0 = Release|Any CPU
		{571023EB-0555-47B8-97A8-BB52612EC1BF}.Release|x86.ActiveCfg = Release|Any CPU
		{571023EB-0555-47B8-97A8-BB52612EC1BF}.Release|x86.Build.0 = Release|Any CPU
		{69807D17-E918-47FE-9395-FB4907CB532B}.Debug|Any CPU.ActiveCfg = Debug|Any CPU
		{69807D17-E918-47FE-9395-FB4907CB532B}.Debug|Any CPU.Build.0 = Debug|Any CPU
		{69807D17-E918-47FE-9395-FB4907CB532B}.Debug|x64.ActiveCfg = Debug|Any CPU
		{69807D17-E918-47FE-9395-FB4907CB532B}.Debug|x64.Build.0 = Debug|Any CPU
		{69807D17-E918-47FE-9395-FB4907CB532B}.Debug|x86.ActiveCfg = Debug|Any CPU
		{69807D17-E918-47FE-9395-FB4907CB532B}.Debug|x86.Build.0 = Debug|Any CPU
		{69807D17-E918-47FE-9395-FB4907CB532B}.Release|Any CPU.ActiveCfg = Release|Any CPU
		{69807D17-E918-47FE-9395-FB4907CB532B}.Release|Any CPU.Build.0 = Release|Any CPU
		{69807D17-E918-47FE-9395-FB4907CB532B}.Release|x64.ActiveCfg = Release|Any CPU
		{69807D17-E918-47FE-9395-FB4907CB532B}.Release|x64.Build.0 = Release|Any CPU
		{69807D17-E918-47FE-9395-FB4907CB532B}.Release|x86.ActiveCfg = Release|Any CPU
		{69807D17-E918-47FE-9395-FB4907CB532B}.Release|x86.Build.0 = Release|Any CPU
	EndGlobalSection
	GlobalSection(SolutionProperties) = preSolution
		HideSolutionNode = FALSE
	EndGlobalSection
	GlobalSection(ExtensibilityGlobals) = postSolution
		SolutionGuid = {9D86943F-048C-4133-829A-4172AECD4FEB}
	EndGlobalSection
EndGlobal
